
Microsoft Visual Studio Solution File, Format Version 12.00
# Visual Studio Version 17
VisualStudioVersion = 17.10.35013.160
MinimumVisualStudioVersion = 10.0.40219.1
Project("{FAE04EC0-301F-11D3-BF4B-00C04F79EFBC}") = "Prcat 5", "Prcat 5.csproj", "{00089C70-9B90-4121-9BF7-4178FD59C9E4}"
EndProject
Global
	GlobalSection(SolutionConfigurationPlatforms) = preSolution
		Debug|Any CPU = Debug|Any CPU
		Release|Any CPU = Release|Any CPU
	EndGlobalSection
	GlobalSection(ProjectConfigurationPlatforms) = postSolution
		{00089C70-9B90-4121-9BF7-4178FD59C9E4}.Debug|Any CPU.ActiveCfg = Debug|Any CPU
		{00089C70-9B90-4121-9BF7-4178FD59C9E4}.Debug|Any CPU.Build.0 = Debug|Any CPU
		{00089C70-9B90-4121-9BF7-4178FD59C9E4}.Release|Any CPU.ActiveCfg = Release|Any CPU
		{00089C70-9B90-4121-9BF7-4178FD59C9E4}.Release|Any CPU.Build.0 = Release|Any CPU
	EndGlobalSection
	GlobalSection(SolutionProperties) = preSolution
		HideSolutionNode = FALSE
	EndGlobalSection
	GlobalSection(ExtensibilityGlobals) = postSolution
		SolutionGuid = {A5351DFF-E0F1-472E-9FE3-83680D98ABC0}
	EndGlobalSection
EndGlobal
